# This file is auto-generated by rv. Do not edit manually.
# Commit this file to version control for reproducible installs.
# Restore with: rv restore

[metadata]
rv_version = "0.1.0"
r_version = "4.4.0"
bioc_version = "3.19"
generated_at = "1776215657"

[[package]]
name = "BiocGenerics"
version = "0.50.0"
source = "bioc"
deps = []

[[package]]
name = "S4Vectors"
version = "0.42.1"
source = "bioc"
deps = ["BiocGenerics"]

[[package]]
name = "IRanges"
version = "2.38.1"
source = "bioc"
deps = [
    "BiocGenerics",
    "S4Vectors",
    "S4Vectors",
]

[[package]]
name = "curl"
version = "7.0.0"
source = "cran"
deps = []

[[package]]
name = "jsonlite"
version = "2.0.0"
source = "cran"
deps = []

[[package]]
name = "mime"
version = "0.13"
source = "cran"
deps = []

[[package]]
name = "sys"
version = "3.4.3"
source = "cran"
deps = []

[[package]]
name = "askpass"
version = "1.2.1"
source = "cran"
deps = ["sys"]

[[package]]
name = "openssl"
version = "2.3.5"
source = "cran"
deps = ["askpass"]

[[package]]
name = "R6"
version = "2.6.1"
source = "cran"
deps = []

[[package]]
name = "httr"
version = "1.4.8"
source = "cran"
deps = [
    "curl",
    "jsonlite",
    "mime",
    "openssl",
    "R6",
]

[[package]]
name = "UCSC.utils"
version = "1.0.0"
source = "bioc"
deps = [
    "httr",
    "jsonlite",
    "S4Vectors",
]

[[package]]
name = "GenomeInfoDb"
version = "1.40.1"
source = "bioc"
deps = [
    "BiocGenerics",
    "S4Vectors",
    "IRanges",
    "UCSC.utils",
    "GenomeInfoDbData",
]

[[package]]
name = "zlibbioc"
version = "1.50.0"
source = "bioc"
deps = []

[[package]]
name = "XVector"
version = "0.44.0"
source = "bioc"
deps = [
    "BiocGenerics",
    "S4Vectors",
    "IRanges",
    "zlibbioc",
    "BiocGenerics",
    "S4Vectors",
    "IRanges",
    "S4Vectors",
    "IRanges",
]

[[package]]
name = "GenomicRanges"
version = "1.56.2"
source = "bioc"
deps = [
    "BiocGenerics",
    "S4Vectors",
    "IRanges",
    "GenomeInfoDb",
    "XVector",
    "S4Vectors",
    "IRanges",
]

[[package]]
name = "matrixStats"
version = "1.5.0"
source = "cran"
deps = []

[[package]]
name = "MatrixGenerics"
version = "1.16.0"
source = "bioc"
deps = ["matrixStats"]

[[package]]
name = "Biobase"
version = "2.64.0"
source = "bioc"
deps = ["BiocGenerics"]

[[package]]
name = "lattice"
version = "0.22-9"
source = "cran"
deps = []

[[package]]
name = "Matrix"
version = "1.7-5"
source = "cran"
deps = ["lattice"]

[[package]]
name = "abind"
version = "1.4-8"
source = "cran"
deps = []

[[package]]
name = "crayon"
version = "1.5.3"
source = "cran"
deps = []

[[package]]
name = "S4Arrays"
version = "1.4.1"
source = "bioc"
deps = [
    "Matrix",
    "abind",
    "BiocGenerics",
    "S4Vectors",
    "IRanges",
    "crayon",
    "S4Vectors",
]

[[package]]
name = "SparseArray"
version = "1.4.8"
source = "bioc"
deps = [
    "Matrix",
    "BiocGenerics",
    "MatrixGenerics",
    "S4Vectors",
    "S4Arrays",
    "matrixStats",
    "IRanges",
    "XVector",
    "S4Vectors",
    "IRanges",
    "XVector",
]

[[package]]
name = "DelayedArray"
version = "0.30.1"
source = "bioc"
deps = [
    "Matrix",
    "BiocGenerics",
    "MatrixGenerics",
    "S4Vectors",
    "IRanges",
    "S4Arrays",
    "SparseArray",
    "S4Vectors",
]

[[package]]
name = "SummarizedExperiment"
version = "1.34.0"
source = "bioc"
deps = [
    "MatrixGenerics",
    "GenomicRanges",
    "Biobase",
    "Matrix",
    "BiocGenerics",
    "S4Vectors",
    "IRanges",
    "GenomeInfoDb",
    "S4Arrays",
    "DelayedArray",
]

[[package]]
name = "formatR"
version = "1.14"
source = "cran"
deps = []

[[package]]
name = "lambda.r"
version = "1.2.4"
source = "cran"
deps = ["formatR"]

[[package]]
name = "futile.options"
version = "1.0.1"
source = "cran"
deps = []

[[package]]
name = "futile.logger"
version = "1.4.9"
source = "cran"
deps = [
    "lambda.r",
    "futile.options",
]

[[package]]
name = "snow"
version = "0.4-4"
source = "cran"
deps = []

[[package]]
name = "codetools"
version = "0.2-20"
source = "cran"
deps = []

[[package]]
name = "BH"
version = "1.90.0-1"
source = "cran"
deps = []

[[package]]
name = "cpp11"
version = "0.5.4"
source = "cran"
deps = []

[[package]]
name = "BiocParallel"
version = "1.38.0"
source = "bioc"
deps = [
    "futile.logger",
    "snow",
    "codetools",
    "BH",
    "cpp11",
]

[[package]]
name = "locfit"
version = "1.5-9.12"
source = "cran"
deps = ["lattice"]

[[package]]
name = "cli"
version = "3.6.6"
source = "cran"
deps = []

[[package]]
name = "glue"
version = "1.8.0"
source = "cran"
deps = []

[[package]]
name = "rlang"
version = "1.2.0"
source = "cran"
deps = []

[[package]]
name = "lifecycle"
version = "1.0.5"
source = "cran"
deps = [
    "cli",
    "rlang",
]

[[package]]
name = "gtable"
version = "0.3.6"
source = "cran"
deps = [
    "cli",
    "glue",
    "lifecycle",
    "rlang",
]

[[package]]
name = "isoband"
version = "0.3.0"
source = "cran"
deps = [
    "cli",
    "rlang",
    "cpp11",
]

[[package]]
name = "S7"
version = "0.2.1"
source = "cran"
deps = []

[[package]]
name = "farver"
version = "2.1.2"
source = "cran"
deps = []

[[package]]
name = "labeling"
version = "0.4.3"
source = "cran"
deps = []

[[package]]
name = "RColorBrewer"
version = "1.1-3"
source = "cran"
deps = []

[[package]]
name = "viridisLite"
version = "0.4.3"
source = "cran"
deps = []

[[package]]
name = "scales"
version = "1.4.0"
source = "cran"
deps = [
    "cli",
    "farver",
    "glue",
    "labeling",
    "lifecycle",
    "R6",
    "RColorBrewer",
    "rlang",
    "viridisLite",
]

[[package]]
name = "vctrs"
version = "0.7.3"
source = "cran"
deps = [
    "cli",
    "glue",
    "lifecycle",
    "rlang",
]

[[package]]
name = "withr"
version = "3.0.2"
source = "cran"
deps = []

[[package]]
name = "ggplot2"
version = "4.0.2"
source = "cran"
deps = [
    "cli",
    "gtable",
    "isoband",
    "lifecycle",
    "rlang",
    "S7",
    "scales",
    "vctrs",
    "withr",
]

[[package]]
name = "Rcpp"
version = "1.1.1"
source = "cran"
deps = []

[[package]]
name = "RcppArmadillo"
version = "15.2.4-1"
source = "cran"
deps = [
    "Rcpp",
    "Rcpp",
]

[[package]]
name = "DESeq2"
version = "1.44.0"
source = "bioc"
deps = [
    "S4Vectors",
    "IRanges",
    "GenomicRanges",
    "SummarizedExperiment",
    "BiocGenerics",
    "Biobase",
    "BiocParallel",
    "matrixStats",
    "locfit",
    "ggplot2",
    "Rcpp",
    "MatrixGenerics",
    "Rcpp",
    "RcppArmadillo",
]
